
Microsoft Visual Studio Solution File, Format Version 12.00
# Visual Studio Version 17
VisualStudioVersion = 17.6.33927.249
MinimumVisualStudioVersion = 10.0.40219.1
Project("{FAE04EC0-301F-11D3-BF4B-00C04F79EFBC}") = "separate-aspnet", "separate-aspnet\separate-aspnet.csproj", "{EE2FF511-7AE3-444F-AB64-000C3276AFC4}"
EndProject
Global
	GlobalSection(SolutionConfigurationPlatforms) = preSolution
		Debug|Any CPU = Debug|Any CPU
		Release|Any CPU = Release|Any CPU
	EndGlobalSection
	GlobalSection(ProjectConfigurationPlatforms) = postSolution
		{EE2FF511-7AE3-444F-AB64-000C3276AFC4}.Debug|Any CPU.ActiveCfg = Debug|Any CPU
		{EE2FF511-7AE3-444F-AB64-000C3276AFC4}.Debug|Any CPU.Build.0 = Debug|Any CPU
		{EE2FF511-7AE3-444F-AB64-000C3276AFC4}.Release|Any CPU.ActiveCfg = Release|Any CPU
		{EE2FF511-7AE3-444F-AB64-000C3276AFC4}.Release|Any CPU.Build.0 = Release|Any CPU
	EndGlobalSection
	GlobalSection(SolutionProperties) = preSolution
		HideSolutionNode = FALSE
	EndGlobalSection
	GlobalSection(ExtensibilityGlobals) = postSolution
		SolutionGuid = {7E7E360B-4D23-48A7-9E91-08AB9A6B9062}
	EndGlobalSection
EndGlobal
